{
  "lockfileVersion": 2,
  "configVersion": 0,
  "workspaces": {
    "": {
      "name": "novand-site",
      "dependencies": {
        "@astrojs/sitemap": "latest",
        "@formspree/ajax": "^1.1.5",
        "@tailwindcss/vite": "latest",
        "astro": "latest",
        "tailwindcss": "latest",
        "zod": "latest",
      },
    },
  },
  "packages": {
    "@astrojs/compiler-binding": ["@astrojs/compiler-binding@0.4.0", "", { "optionalDependencies": { "@astrojs/compiler-binding-darwin-arm64": "0.4.0", "@astrojs/compiler-binding-darwin-x64": "0.4.0", "@astrojs/compiler-binding-linux-arm64-gnu": "0.4.0", "@astrojs/compiler-binding-linux-arm64-musl": "0.4.0", "@astrojs/compiler-binding-linux-x64-gnu": "0.4.0", "@astrojs/compiler-binding-linux-x64-musl": "0.4.0", "@astrojs/compiler-binding-wasm32-wasi": "0.4.0", "@astrojs/compiler-binding-win32-arm64-msvc": "0.4.0", "@astrojs/compiler-binding-win32-x64-msvc": "0.4.0" } }, ""],

    "@astrojs/compiler-binding-linux-x64-gnu": ["@astrojs/compiler-binding-linux-x64-gnu@0.4.0", "", { "os": "linux", "cpu": "x64" }, ""],

    "@astrojs/compiler-binding-linux-x64-musl": ["@astrojs/compiler-binding-linux-x64-musl@0.4.0", "", { "os": "linux", "cpu": "x64" }, ""],

    "@astrojs/compiler-rs": ["@astrojs/compiler-rs@0.4.0", "", { "dependencies": { "@astrojs/compiler-binding": "0.4.0" } }, ""],

    "@astrojs/internal-helpers": ["@astrojs/internal-helpers@0.11.0", "", { "dependencies": { "@types/hast": "^3.0.4", "@types/mdast": "^4.0.4", "js-yaml": "^4.3.0", "picomatch": "^4.0.4", "retext-smartypants": "^6.2.0", "shiki": "^4.0.2", "smol-toml": "^1.6.0", "unified": "^11.0.5" } }, ""],

    "@astrojs/markdown-satteri": ["@astrojs/markdown-satteri@0.4.0", "", { "dependencies": { "@astrojs/internal-helpers": "0.11.0", "@astrojs/prism": "4.0.2", "github-slugger": "^2.0.0", "satteri": "^0.10.3" } }, ""],

    "@astrojs/prism": ["@astrojs/prism@4.0.2", "", { "dependencies": { "prismjs": "^1.30.0" } }, ""],

    "@astrojs/sitemap": ["@astrojs/sitemap@3.7.4", "", { "dependencies": { "sitemap": "^9.0.0", "zod": "^4.3.6" } }, "sha512-LbKNC24bdUWcQf/pThB6qLlSqHojxGjZDURIzFocY8rlWnAn2t74nnhnK6S5x0NHriHoAduLEpVjRykmeGiVvA=="],

    "@astrojs/telemetry": ["@astrojs/telemetry@3.3.3", "", { "dependencies": { "ci-info": "^4.4.0", "dset": "^3.1.4", "is-docker": "^4.0.0", "package-manager-detector": "^1.6.0" } }, ""],

    "@babel/helper-string-parser": ["@babel/helper-string-parser@7.29.7", "", {}, ""],

    "@babel/helper-validator-identifier": ["@babel/helper-validator-identifier@7.29.7", "", {}, ""],

    "@babel/parser": ["@babel/parser@7.29.8", "", { "dependencies": { "@babel/types": "^7.29.8" }, "bin": { "parser": "bin/babel-parser.js" } }, ""],

    "@babel/types": ["@babel/types@7.29.8", "", { "dependencies": { "@babel/helper-string-parser": "^7.29.7", "@babel/helper-validator-identifier": "^7.29.7" } }, ""],

    "@bruits/satteri-linux-x64-gnu": ["@bruits/satteri-linux-x64-gnu@0.10.5", "", { "os": "linux", "cpu": "x64" }, ""],

    "@bruits/satteri-linux-x64-musl": ["@bruits/satteri-linux-x64-musl@0.10.5", "", { "os": "linux", "cpu": "x64" }, ""],

    "@capsizecss/unpack": ["@capsizecss/unpack@4.0.1", "", { "dependencies": { "fontkitten": "^1.0.3" } }, ""],

    "@clack/core": ["@clack/core@1.4.3", "", { "dependencies": { "fast-wrap-ansi": "^0.2.0", "sisteransi": "^1.0.5" } }, ""],

    "@clack/prompts": ["@clack/prompts@1.7.0", "", { "dependencies": { "@clack/core": "1.4.3", "fast-string-width": "^3.0.2", "fast-wrap-ansi": "^0.2.0", "sisteransi": "^1.0.5" } }, ""],

    "@esbuild/linux-x64": ["@esbuild/linux-x64@0.28.2", "", { "os": "linux", "cpu": "x64" }, ""],

    "@formspree/ajax": ["@formspree/ajax@1.1.5", "", { "dependencies": { "@formspree/core": "^4.0.0" } }, "sha512-7vwR5P/c03o+a2B4TtQ92Q8OV5UfJuGcOgYnxcEWNc2fP//QznIXdd2crC5wt+HWfv39qYHjD7NeDSnDqfSs8w=="],

    "@formspree/core": ["@formspree/core@4.0.0", "", { "dependencies": { "@stripe/stripe-js": "^5.7.0" } }, "sha512-geNlUut5nME1Ztej5Pzx1BrlQ1fFIcJYIqmF+Vm0jaUbpZxjXvt7SDOGeQVkuxn80QJiIHlwBGGjSBFjPX/KDw=="],

    "@img/colour": ["@img/colour@1.1.0", "", {}, ""],

    "@img/sharp-libvips-linux-x64": ["@img/sharp-libvips-linux-x64@1.3.3", "", { "os": "linux", "cpu": "x64" }, ""],

    "@img/sharp-libvips-linuxmusl-x64": ["@img/sharp-libvips-linuxmusl-x64@1.3.3", "", { "os": "linux", "cpu": "x64" }, ""],

    "@img/sharp-linux-x64": ["@img/sharp-linux-x64@0.35.4", "", { "optionalDependencies": { "@img/sharp-libvips-linux-x64": "1.3.3" }, "os": "linux", "cpu": "x64" }, ""],

    "@img/sharp-linuxmusl-x64": ["@img/sharp-linuxmusl-x64@0.35.4", "", { "optionalDependencies": { "@img/sharp-libvips-linuxmusl-x64": "1.3.3" }, "os": "linux", "cpu": "x64" }, ""],

    "@jridgewell/gen-mapping": ["@jridgewell/gen-mapping@0.3.13", "", { "dependencies": { "@jridgewell/sourcemap-codec": "^1.5.0", "@jridgewell/trace-mapping": "^0.3.24" } }, ""],

    "@jridgewell/remapping": ["@jridgewell/remapping@2.3.5", "", { "dependencies": { "@jridgewell/gen-mapping": "^0.3.5", "@jridgewell/trace-mapping": "^0.3.24" } }, ""],

    "@jridgewell/resolve-uri": ["@jridgewell/resolve-uri@3.1.2", "", {}, ""],

    "@jridgewell/sourcemap-codec": ["@jridgewell/sourcemap-codec@1.6.0", "", {}, ""],

    "@jridgewell/trace-mapping": ["@jridgewell/trace-mapping@0.3.31", "", { "dependencies": { "@jridgewell/resolve-uri": "^3.1.0", "@jridgewell/sourcemap-codec": "^1.4.14" } }, ""],

    "@oslojs/encoding": ["@oslojs/encoding@1.1.0", "", {}, ""],

    "@oxc-project/types": ["@oxc-project/types@0.148.0", "", {}, ""],

    "@rolldown/binding-linux-x64-gnu": ["@rolldown/binding-linux-x64-gnu@1.2.7", "", { "os": "linux", "cpu": "x64" }, ""],

    "@rolldown/binding-linux-x64-musl": ["@rolldown/binding-linux-x64-musl@1.2.7", "", { "os": "linux", "cpu": "x64" }, ""],

    "@rolldown/pluginutils": ["@rolldown/pluginutils@1.0.1", "", {}, ""],

    "@shikijs/core": ["@shikijs/core@4.4.3", "", { "dependencies": { "@shikijs/primitive": "4.4.3", "@shikijs/types": "4.4.3", "@shikijs/vscode-textmate": "^10.0.2", "@types/hast": "^3.0.5", "hast-util-to-html": "^9.0.5" } }, ""],

    "@shikijs/engine-javascript": ["@shikijs/engine-javascript@4.4.3", "", { "dependencies": { "@shikijs/types": "4.4.3", "@shikijs/vscode-textmate": "^10.0.2", "oniguruma-to-es": "^4.3.6" } }, ""],

    "@shikijs/engine-oniguruma": ["@shikijs/engine-oniguruma@4.4.3", "", { "dependencies": { "@shikijs/types": "4.4.3", "@shikijs/vscode-textmate": "^10.0.2" } }, ""],

    "@shikijs/langs": ["@shikijs/langs@4.4.3", "", { "dependencies": { "@shikijs/types": "4.4.3" } }, ""],

    "@shikijs/primitive": ["@shikijs/primitive@4.4.3", "", { "dependencies": { "@shikijs/types": "4.4.3", "@shikijs/vscode-textmate": "^10.0.2", "@types/hast": "^3.0.5" } }, ""],

    "@shikijs/themes": ["@shikijs/themes@4.4.3", "", { "dependencies": { "@shikijs/types": "4.4.3" } }, ""],

    "@shikijs/types": ["@shikijs/types@4.4.3", "", { "dependencies": { "@shikijs/vscode-textmate": "^10.0.2", "@types/hast": "^3.0.5" } }, ""],

    "@shikijs/vscode-textmate": ["@shikijs/vscode-textmate@10.0.2", "", {}, ""],

    "@stripe/stripe-js": ["@stripe/stripe-js@5.10.0", "", {}, "sha512-PTigkxMdMUP6B5ISS7jMqJAKhgrhZwjprDqR1eATtFfh0OpKVNp110xiH+goeVdrJ29/4LeZJR4FaHHWstsu0A=="],

    "@tailwindcss/node": ["@tailwindcss/node@4.3.3", "", { "dependencies": { "@jridgewell/remapping": "^2.3.5", "enhanced-resolve": "^5.24.1", "jiti": "^2.7.0", "lightningcss": "1.32.0", "magic-string": "^0.30.21", "source-map-js": "^1.2.1", "tailwindcss": "4.3.3" } }, ""],

    "@tailwindcss/oxide": ["@tailwindcss/oxide@4.3.3", "", { "optionalDependencies": { "@tailwindcss/oxide-android-arm64": "4.3.3", "@tailwindcss/oxide-darwin-arm64": "4.3.3", "@tailwindcss/oxide-darwin-x64": "4.3.3", "@tailwindcss/oxide-freebsd-x64": "4.3.3", "@tailwindcss/oxide-linux-arm-gnueabihf": "4.3.3", "@tailwindcss/oxide-linux-arm64-gnu": "4.3.3", "@tailwindcss/oxide-linux-arm64-musl": "4.3.3", "@tailwindcss/oxide-linux-x64-gnu": "4.3.3", "@tailwindcss/oxide-linux-x64-musl": "4.3.3", "@tailwindcss/oxide-wasm32-wasi": "4.3.3", "@tailwindcss/oxide-win32-arm64-msvc": "4.3.3", "@tailwindcss/oxide-win32-x64-msvc": "4.3.3" } }, ""],

    "@tailwindcss/oxide-linux-x64-gnu": ["@tailwindcss/oxide-linux-x64-gnu@4.3.3", "", { "os": "linux", "cpu": "x64" }, ""],

    "@tailwindcss/oxide-linux-x64-musl": ["@tailwindcss/oxide-linux-x64-musl@4.3.3", "", { "os": "linux", "cpu": "x64" }, ""],

    "@tailwindcss/vite": ["@tailwindcss/vite@4.3.3", "", { "dependencies": { "@tailwindcss/node": "4.3.3", "@tailwindcss/oxide": "4.3.3", "tailwindcss": "4.3.3" }, "peerDependencies": { "vite": "^5.2.0 || ^6 || ^7 || ^8" } }, "sha512-yYU8cogLeSh/ms2jh8Fj7jaba/EWa7Ja6GoUqYZaraEuCI5YS6ms6ObZgjjedm+jm6XZjdNRWBpPP6Z86oOxcw=="],

    "@types/estree": ["@types/estree@1.0.9", "", {}, ""],

    "@types/estree-jsx": ["@types/estree-jsx@1.0.5", "", { "dependencies": { "@types/estree": "*" } }, ""],

    "@types/hast": ["@types/hast@3.0.5", "", { "dependencies": { "@types/unist": "*" } }, ""],

    "@types/mdast": ["@types/mdast@4.0.4", "", { "dependencies": { "@types/unist": "*" } }, ""],

    "@types/nlcst": ["@types/nlcst@2.0.3", "", { "dependencies": { "@types/unist": "*" } }, ""],

    "@types/node": ["@types/node@24.13.3", "", { "dependencies": { "undici-types": "~7.18.0" } }, ""],

    "@types/sax": ["@types/sax@1.2.7", "", { "dependencies": { "@types/node": "*" } }, ""],

    "@types/unist": ["@types/unist@3.0.3", "", {}, ""],

    "@ungap/structured-clone": ["@ungap/structured-clone@1.4.0", "", {}, ""],

    "am-i-vibing": ["am-i-vibing@0.4.0", "", { "dependencies": { "process-ancestry": "^0.1.0" }, "bin": "dist/cli.mjs" }, ""],

    "anymatch": ["anymatch@3.1.3", "", { "dependencies": { "normalize-path": "^3.0.0", "picomatch": "^2.0.4" } }, ""],

    "arg": ["arg@5.0.2", "", {}, ""],

    "argparse": ["argparse@2.0.1", "", {}, ""],

    "aria-query": ["aria-query@5.3.2", "", {}, ""],

    "astro": ["astro@7.3.1", "", { "dependencies": { "@astrojs/compiler-rs": "^0.4.0", "@astrojs/internal-helpers": "0.11.0", "@astrojs/markdown-satteri": "0.4.0", "@astrojs/telemetry": "3.3.3", "@capsizecss/unpack": "^4.0.0", "@clack/prompts": "^1.1.0", "@oslojs/encoding": "^1.1.0", "am-i-vibing": "^0.4.0", "aria-query": "^5.3.2", "axobject-query": "^4.1.0", "ci-info": "^4.4.0", "clsx": "^2.1.1", "common-ancestor-path": "^2.0.0", "cookie": "^2.0.1", "devalue": "^5.8.1", "diff": "^9.0.0", "dset": "^3.1.4", "es-module-lexer": "^2.0.0", "esbuild": "^0.28.0", "find-proc": "0.1.0", "flattie": "^1.1.1", "fontace": "~0.4.1", "get-tsconfig": "5.0.0-beta.4", "github-slugger": "^2.0.0", "html-escaper": "3.0.3", "http-cache-semantics": "^4.2.0", "js-yaml": "^4.3.0", "jsonc-parser": "^3.3.1", "magic-string": "^1.0.0", "magicast": "^0.5.2", "mrmime": "^2.0.1", "neotraverse": "^1.0.1", "obug": "^2.1.1", "p-limit": "^7.3.0", "p-queue": "^9.1.0", "package-manager-detector": "^1.6.0", "piccolore": "^0.1.3", "picomatch": "^4.0.4", "semver": "^7.7.4", "shiki": "^4.0.2", "smol-toml": "^1.6.0", "svgo": "^4.0.1", "tinyclip": "^0.1.12", "tinyexec": "^1.0.4", "tinyglobby": "^0.2.15", "ultrahtml": "^1.6.0", "unifont": "~0.7.5", "unstorage": "^1.17.5", "vite": "^8.0.13", "vitefu": "^1.1.2", "xxhash-wasm": "^1.1.0", "yargs-parser": "^22.0.0", "zod": "^4.5.4" }, "optionalDependencies": { "sharp": "^0.35.4" }, "peerDependencies": { "@astrojs/markdown-remark": "^7.3.0" }, "optionalPeers": ["@astrojs/markdown-remark"], "bin": "bin/astro.mjs" }, "sha512-A/bJYHtc6n0UAdROY9W948fW6lX0pnUA+JWKW+IGCXRyDIGN2MsXC0OlS8onZGJjr+sv8htemwOc9W5PBRXCkw=="],

    "axobject-query": ["axobject-query@4.1.0", "", {}, ""],

    "bail": ["bail@2.0.2", "", {}, ""],

    "boolbase": ["boolbase@1.0.0", "", {}, ""],

    "ccount": ["ccount@2.0.1", "", {}, ""],

    "character-entities-html4": ["character-entities-html4@2.1.0", "", {}, ""],

    "character-entities-legacy": ["character-entities-legacy@3.0.0", "", {}, ""],

    "chokidar": ["chokidar@5.0.0", "", { "dependencies": { "readdirp": "^5.0.0" } }, ""],

    "ci-info": ["ci-info@4.4.0", "", {}, ""],

    "clsx": ["clsx@2.1.1", "", {}, ""],

    "comma-separated-tokens": ["comma-separated-tokens@2.0.3", "", {}, ""],

    "commander": ["commander@11.1.0", "", {}, ""],

    "common-ancestor-path": ["common-ancestor-path@2.0.0", "", {}, ""],

    "cookie": ["cookie@2.0.1", "", {}, ""],

    "cookie-es": ["cookie-es@1.2.3", "", {}, ""],

    "crossws": ["crossws@0.3.5", "", { "dependencies": { "uncrypto": "^0.1.3" } }, ""],

    "css-select": ["css-select@6.0.0", "", { "dependencies": { "boolbase": "^1.0.0", "css-what": "^7.0.0", "domhandler": "^5.0.3", "domutils": "^3.2.2", "nth-check": "^2.1.1" } }, ""],

    "css-tree": ["css-tree@3.2.1", "", { "dependencies": { "mdn-data": "2.27.1", "source-map-js": "^1.2.1" } }, ""],

    "css-what": ["css-what@7.0.0", "", {}, ""],

    "csso": ["csso@5.0.5", "", { "dependencies": { "css-tree": "~2.2.0" } }, ""],

    "defu": ["defu@6.1.7", "", {}, ""],

    "dequal": ["dequal@2.0.3", "", {}, ""],

    "destr": ["destr@2.0.5", "", {}, ""],

    "detect-libc": ["detect-libc@2.1.2", "", {}, ""],

    "devalue": ["devalue@5.9.2", "", {}, ""],

    "devlop": ["devlop@1.1.0", "", { "dependencies": { "dequal": "^2.0.0" } }, ""],

    "diff": ["diff@9.0.0", "", {}, ""],

    "dom-serializer": ["dom-serializer@2.0.0", "", { "dependencies": { "domelementtype": "^2.3.0", "domhandler": "^5.0.2", "entities": "^4.2.0" } }, ""],

    "domelementtype": ["domelementtype@2.3.0", "", {}, ""],

    "domhandler": ["domhandler@5.0.3", "", { "dependencies": { "domelementtype": "^2.3.0" } }, ""],

    "domutils": ["domutils@3.2.2", "", { "dependencies": { "dom-serializer": "^2.0.0", "domelementtype": "^2.3.0", "domhandler": "^5.0.3" } }, ""],

    "dset": ["dset@3.1.4", "", {}, ""],

    "enhanced-resolve": ["enhanced-resolve@5.24.5", "", { "dependencies": { "graceful-fs": "^4.2.4", "tapable": "^2.3.3" } }, ""],

    "entities": ["entities@4.5.0", "", {}, ""],

    "es-module-lexer": ["es-module-lexer@2.3.2", "", {}, ""],

    "esbuild": ["esbuild@0.28.2", "", { "optionalDependencies": { "@esbuild/aix-ppc64": "0.28.2", "@esbuild/android-arm": "0.28.2", "@esbuild/android-arm64": "0.28.2", "@esbuild/android-x64": "0.28.2", "@esbuild/darwin-arm64": "0.28.2", "@esbuild/darwin-x64": "0.28.2", "@esbuild/freebsd-arm64": "0.28.2", "@esbuild/freebsd-x64": "0.28.2", "@esbuild/linux-arm": "0.28.2", "@esbuild/linux-arm64": "0.28.2", "@esbuild/linux-ia32": "0.28.2", "@esbuild/linux-loong64": "0.28.2", "@esbuild/linux-mips64el": "0.28.2", "@esbuild/linux-ppc64": "0.28.2", "@esbuild/linux-riscv64": "0.28.2", "@esbuild/linux-s390x": "0.28.2", "@esbuild/linux-x64": "0.28.2", "@esbuild/netbsd-arm64": "0.28.2", "@esbuild/netbsd-x64": "0.28.2", "@esbuild/openbsd-arm64": "0.28.2", "@esbuild/openbsd-x64": "0.28.2", "@esbuild/openharmony-arm64": "0.28.2", "@esbuild/sunos-x64": "0.28.2", "@esbuild/win32-arm64": "0.28.2", "@esbuild/win32-ia32": "0.28.2", "@esbuild/win32-x64": "0.28.2" }, "bin": "bin/esbuild" }, ""],

    "eventemitter3": ["eventemitter3@5.0.4", "", {}, ""],

    "extend": ["extend@3.0.2", "", {}, ""],

    "fast-string-truncated-width": ["fast-string-truncated-width@3.0.3", "", {}, ""],

    "fast-string-width": ["fast-string-width@3.0.2", "", { "dependencies": { "fast-string-truncated-width": "^3.0.2" } }, ""],

    "fast-wrap-ansi": ["fast-wrap-ansi@0.2.2", "", { "dependencies": { "fast-string-width": "^3.0.2" } }, ""],

    "fdir": ["fdir@6.5.0", "", { "peerDependencies": { "picomatch": "^3 || ^4" }, "optionalPeers": ["picomatch"] }, ""],

    "find-proc": ["find-proc@0.1.0", "", {}, ""],

    "flattie": ["flattie@1.1.1", "", {}, ""],

    "fontace": ["fontace@0.4.1", "", { "dependencies": { "fontkitten": "^1.0.2" } }, ""],

    "fontkitten": ["fontkitten@1.0.3", "", { "dependencies": { "tiny-inflate": "^1.0.3" } }, ""],

    "get-tsconfig": ["get-tsconfig@5.0.0-beta.4", "", { "dependencies": { "resolve-pkg-maps": "^1.0.0" } }, ""],

    "github-slugger": ["github-slugger@2.0.0", "", {}, ""],

    "graceful-fs": ["graceful-fs@4.2.11", "", {}, ""],

    "h3": ["h3@1.15.11", "", { "dependencies": { "cookie-es": "^1.2.3", "crossws": "^0.3.5", "defu": "^6.1.6", "destr": "^2.0.5", "iron-webcrypto": "^1.2.1", "node-mock-http": "^1.0.4", "radix3": "^1.1.2", "ufo": "^1.6.3", "uncrypto": "^0.1.3" } }, ""],

    "hast-util-to-html": ["hast-util-to-html@9.0.5", "", { "dependencies": { "@types/hast": "^3.0.0", "@types/unist": "^3.0.0", "ccount": "^2.0.0", "comma-separated-tokens": "^2.0.0", "hast-util-whitespace": "^3.0.0", "html-void-elements": "^3.0.0", "mdast-util-to-hast": "^13.0.0", "property-information": "^7.0.0", "space-separated-tokens": "^2.0.0", "stringify-entities": "^4.0.0", "zwitch": "^2.0.4" } }, ""],

    "hast-util-whitespace": ["hast-util-whitespace@3.0.0", "", { "dependencies": { "@types/hast": "^3.0.0" } }, ""],

    "html-escaper": ["html-escaper@3.0.3", "", {}, ""],

    "html-void-elements": ["html-void-elements@3.0.0", "", {}, ""],

    "http-cache-semantics": ["http-cache-semantics@4.2.0", "", {}, ""],

    "iron-webcrypto": ["iron-webcrypto@1.2.1", "", {}, ""],

    "is-docker": ["is-docker@4.0.0", "", { "bin": "cli.js" }, ""],

    "is-plain-obj": ["is-plain-obj@4.1.0", "", {}, ""],

    "jiti": ["jiti@2.7.0", "", { "bin": "lib/jiti-cli.mjs" }, ""],

    "js-yaml": ["js-yaml@4.3.2", "", { "dependencies": { "argparse": "^2.0.1" }, "bin": "bin/js-yaml.js" }, ""],

    "jsonc-parser": ["jsonc-parser@3.3.1", "", {}, ""],

    "lightningcss": ["lightningcss@1.32.0", "", { "dependencies": { "detect-libc": "^2.0.3" }, "optionalDependencies": { "lightningcss-android-arm64": "1.32.0", "lightningcss-darwin-arm64": "1.32.0", "lightningcss-darwin-x64": "1.32.0", "lightningcss-freebsd-x64": "1.32.0", "lightningcss-linux-arm-gnueabihf": "1.32.0", "lightningcss-linux-arm64-gnu": "1.32.0", "lightningcss-linux-arm64-musl": "1.32.0", "lightningcss-linux-x64-gnu": "1.32.0", "lightningcss-linux-x64-musl": "1.32.0", "lightningcss-win32-arm64-msvc": "1.32.0", "lightningcss-win32-x64-msvc": "1.32.0" } }, ""],

    "lightningcss-linux-x64-gnu": ["lightningcss-linux-x64-gnu@1.32.0", "", { "os": "linux", "cpu": "x64" }, ""],

    "lightningcss-linux-x64-musl": ["lightningcss-linux-x64-musl@1.32.0", "", { "os": "linux", "cpu": "x64" }, ""],

    "lru-cache": ["lru-cache@11.5.2", "", {}, ""],

    "magic-string": ["magic-string@1.2.3", "", { "dependencies": { "@jridgewell/sourcemap-codec": "^1.5.5" } }, ""],

    "magicast": ["magicast@0.5.4", "", { "dependencies": { "@babel/parser": "^7.29.7", "@babel/types": "^7.29.7", "source-map-js": "^1.2.1" } }, ""],

    "mdast-util-to-hast": ["mdast-util-to-hast@13.2.1", "", { "dependencies": { "@types/hast": "^3.0.0", "@types/mdast": "^4.0.0", "@ungap/structured-clone": "^1.0.0", "devlop": "^1.0.0", "micromark-util-sanitize-uri": "^2.0.0", "trim-lines": "^3.0.0", "unist-util-position": "^5.0.0", "unist-util-visit": "^5.0.0", "vfile": "^6.0.0" } }, ""],

    "mdn-data": ["mdn-data@2.27.1", "", {}, ""],

    "micromark-util-character": ["micromark-util-character@2.1.1", "", { "dependencies": { "micromark-util-symbol": "^2.0.0", "micromark-util-types": "^2.0.0" } }, ""],

    "micromark-util-encode": ["micromark-util-encode@2.0.1", "", {}, ""],

    "micromark-util-sanitize-uri": ["micromark-util-sanitize-uri@2.0.1", "", { "dependencies": { "micromark-util-character": "^2.0.0", "micromark-util-encode": "^2.0.0", "micromark-util-symbol": "^2.0.0" } }, ""],

    "micromark-util-symbol": ["micromark-util-symbol@2.0.1", "", {}, ""],

    "micromark-util-types": ["micromark-util-types@2.0.2", "", {}, ""],

    "mrmime": ["mrmime@2.0.1", "", {}, ""],

    "nanoid": ["nanoid@3.3.18", "", { "bin": "bin/nanoid.cjs" }, ""],

    "neotraverse": ["neotraverse@1.0.1", "", {}, ""],

    "nlcst-to-string": ["nlcst-to-string@4.0.0", "", { "dependencies": { "@types/nlcst": "^2.0.0" } }, ""],

    "node-fetch-native": ["node-fetch-native@1.6.7", "", {}, ""],

    "node-mock-http": ["node-mock-http@1.0.5", "", {}, ""],

    "normalize-path": ["normalize-path@3.0.0", "", {}, ""],

    "nth-check": ["nth-check@2.1.1", "", { "dependencies": { "boolbase": "^1.0.0" } }, ""],

    "obug": ["obug@2.1.4", "", {}, ""],

    "ofetch": ["ofetch@1.5.1", "", { "dependencies": { "destr": "^2.0.5", "node-fetch-native": "^1.6.7", "ufo": "^1.6.1" } }, ""],

    "ohash": ["ohash@2.0.12", "", {}, ""],

    "oniguruma-parser": ["oniguruma-parser@0.12.2", "", {}, ""],

    "oniguruma-to-es": ["oniguruma-to-es@4.3.6", "", { "dependencies": { "oniguruma-parser": "^0.12.2", "regex": "^6.1.0", "regex-recursion": "^6.0.2" } }, ""],

    "p-limit": ["p-limit@7.3.2", "", { "dependencies": { "yocto-queue": "^1.2.1" } }, ""],

    "p-queue": ["p-queue@9.3.3", "", { "dependencies": { "eventemitter3": "^5.0.4", "p-timeout": "^7.0.0" } }, ""],

    "p-timeout": ["p-timeout@7.0.1", "", {}, ""],

    "package-manager-detector": ["package-manager-detector@1.8.0", "", {}, ""],

    "piccolore": ["piccolore@0.1.3", "", {}, ""],

    "picocolors": ["picocolors@1.1.1", "", {}, ""],

    "picomatch": ["picomatch@4.0.7", "", {}, ""],

    "postcss": ["postcss@8.5.28", "", { "dependencies": { "nanoid": "^3.3.18", "picocolors": "^1.1.1", "source-map-js": "^1.2.1" } }, ""],

    "prismjs": ["prismjs@1.30.0", "", {}, ""],

    "process-ancestry": ["process-ancestry@0.1.0", "", {}, ""],

    "property-information": ["property-information@7.2.0", "", {}, ""],

    "radix3": ["radix3@1.1.2", "", {}, ""],

    "readdirp": ["readdirp@5.1.1", "", {}, ""],

    "regex": ["regex@6.1.0", "", { "dependencies": { "regex-utilities": "^2.3.0" } }, ""],

    "regex-recursion": ["regex-recursion@6.0.2", "", { "dependencies": { "regex-utilities": "^2.3.0" } }, ""],

    "regex-utilities": ["regex-utilities@2.3.0", "", {}, ""],

    "resolve-pkg-maps": ["resolve-pkg-maps@1.0.0", "", {}, ""],

    "retext-smartypants": ["retext-smartypants@6.2.0", "", { "dependencies": { "@types/nlcst": "^2.0.0", "nlcst-to-string": "^4.0.0", "unist-util-visit": "^5.0.0" } }, ""],

    "rolldown": ["rolldown@1.2.7", "", { "dependencies": { "@oxc-project/types": "=0.148.0", "@rolldown/pluginutils": "^1.0.0" }, "optionalDependencies": { "@rolldown/binding-android-arm-eabi": "1.2.7", "@rolldown/binding-android-arm64": "1.2.7", "@rolldown/binding-darwin-arm64": "1.2.7", "@rolldown/binding-darwin-x64": "1.2.7", "@rolldown/binding-freebsd-x64": "1.2.7", "@rolldown/binding-linux-arm-gnueabihf": "1.2.7", "@rolldown/binding-linux-arm64-gnu": "1.2.7", "@rolldown/binding-linux-arm64-musl": "1.2.7", "@rolldown/binding-linux-ppc64-gnu": "1.2.7", "@rolldown/binding-linux-s390x-gnu": "1.2.7", "@rolldown/binding-linux-x64-gnu": "1.2.7", "@rolldown/binding-linux-x64-musl": "1.2.7", "@rolldown/binding-openharmony-arm64": "1.2.7", "@rolldown/binding-win32-arm64-msvc": "1.2.7", "@rolldown/binding-win32-x64-msvc": "1.2.7" }, "bin": "bin/cli.mjs" }, ""],

    "satteri": ["satteri@0.10.5", "", { "dependencies": { "@types/estree-jsx": "^1.0.5", "@types/hast": "^3.0.5", "@types/mdast": "^4.0.4", "@types/unist": "^3.0.3" }, "optionalDependencies": { "@bruits/satteri-darwin-arm64": "0.10.5", "@bruits/satteri-darwin-x64": "0.10.5", "@bruits/satteri-linux-arm64-gnu": "0.10.5", "@bruits/satteri-linux-arm64-musl": "0.10.5", "@bruits/satteri-linux-x64-gnu": "0.10.5", "@bruits/satteri-linux-x64-musl": "0.10.5", "@bruits/satteri-wasm32-wasi": "0.10.5", "@bruits/satteri-win32-arm64-msvc": "0.10.5", "@bruits/satteri-win32-x64-msvc": "0.10.5" } }, ""],

    "sax": ["sax@1.6.1", "", {}, ""],

    "semver": ["semver@7.8.5", "", { "bin": "bin/semver.js" }, ""],

    "sharp": ["sharp@0.35.4", "", { "dependencies": { "@img/colour": "^1.1.0", "detect-libc": "^2.1.2", "semver": "^7.8.5" }, "optionalDependencies": { "@img/sharp-darwin-arm64": "0.35.4", "@img/sharp-darwin-x64": "0.35.4", "@img/sharp-freebsd-wasm32": "0.35.4", "@img/sharp-libvips-darwin-arm64": "1.3.3", "@img/sharp-libvips-darwin-x64": "1.3.3", "@img/sharp-libvips-linux-arm": "1.3.3", "@img/sharp-libvips-linux-arm64": "1.3.3", "@img/sharp-libvips-linux-ppc64": "1.3.3", "@img/sharp-libvips-linux-riscv64": "1.3.3", "@img/sharp-libvips-linux-s390x": "1.3.3", "@img/sharp-libvips-linux-x64": "1.3.3", "@img/sharp-libvips-linuxmusl-arm64": "1.3.3", "@img/sharp-libvips-linuxmusl-x64": "1.3.3", "@img/sharp-linux-arm": "0.35.4", "@img/sharp-linux-arm64": "0.35.4", "@img/sharp-linux-ppc64": "0.35.4", "@img/sharp-linux-riscv64": "0.35.4", "@img/sharp-linux-s390x": "0.35.4", "@img/sharp-linux-x64": "0.35.4", "@img/sharp-linuxmusl-arm64": "0.35.4", "@img/sharp-linuxmusl-x64": "0.35.4", "@img/sharp-webcontainers-wasm32": "0.35.4", "@img/sharp-win32-arm64": "0.35.4", "@img/sharp-win32-ia32": "0.35.4", "@img/sharp-win32-x64": "0.35.4" } }, ""],

    "shiki": ["shiki@4.4.3", "", { "dependencies": { "@shikijs/core": "4.4.3", "@shikijs/engine-javascript": "4.4.3", "@shikijs/engine-oniguruma": "4.4.3", "@shikijs/langs": "4.4.3", "@shikijs/themes": "4.4.3", "@shikijs/types": "4.4.3", "@shikijs/vscode-textmate": "^10.0.2", "@types/hast": "^3.0.5" } }, ""],

    "sisteransi": ["sisteransi@1.0.5", "", {}, ""],

    "sitemap": ["sitemap@9.0.1", "", { "dependencies": { "@types/node": "^24.9.2", "@types/sax": "^1.2.1", "arg": "^5.0.0", "sax": "^1.4.1" }, "bin": "dist/esm/cli.js" }, ""],

    "smol-toml": ["smol-toml@1.8.0", "", {}, ""],

    "source-map-js": ["source-map-js@1.2.1", "", {}, ""],

    "space-separated-tokens": ["space-separated-tokens@2.0.2", "", {}, ""],

    "stringify-entities": ["stringify-entities@4.0.4", "", { "dependencies": { "character-entities-html4": "^2.0.0", "character-entities-legacy": "^3.0.0" } }, ""],

    "svgo": ["svgo@4.1.0", "", { "dependencies": { "commander": "^11.1.0", "css-select": "^6.0.0", "css-tree": "^3.0.1", "css-what": "^7.0.0", "csso": "^5.0.5", "picocolors": "^1.1.1", "sax": "1.6.1" }, "bin": "bin/svgo.js" }, ""],

    "tailwindcss": ["tailwindcss@4.3.3", "", {}, "sha512-gOhV3P7ufE62QDGg1zVaTgCR+EtPv92k2nIhVcVKcLmxT1sUBsQGhnZj175j+MqRt4zLF7ic+sCYjfhxMxj7YQ=="],

    "tapable": ["tapable@2.3.3", "", {}, ""],

    "tiny-inflate": ["tiny-inflate@1.0.3", "", {}, ""],

    "tinyclip": ["tinyclip@0.1.15", "", {}, ""],

    "tinyexec": ["tinyexec@1.3.1", "", {}, ""],

    "tinyglobby": ["tinyglobby@0.2.17", "", { "dependencies": { "fdir": "^6.5.0", "picomatch": "^4.0.4" } }, ""],

    "trim-lines": ["trim-lines@3.0.1", "", {}, ""],

    "trough": ["trough@2.2.0", "", {}, ""],

    "ufo": ["ufo@1.6.4", "", {}, ""],

    "ultrahtml": ["ultrahtml@1.7.0", "", {}, ""],

    "uncrypto": ["uncrypto@0.1.3", "", {}, ""],

    "undici": ["undici@8.10.2", "", {}, ""],

    "undici-types": ["undici-types@7.18.2", "", {}, ""],

    "unified": ["unified@11.0.5", "", { "dependencies": { "@types/unist": "^3.0.0", "bail": "^2.0.0", "devlop": "^1.0.0", "extend": "^3.0.0", "is-plain-obj": "^4.0.0", "trough": "^2.0.0", "vfile": "^6.0.0" } }, ""],

    "unifont": ["unifont@0.7.5", "", { "dependencies": { "css-tree": "^3.1.0", "ohash": "^2.0.11", "undici": "^8.0.0" } }, ""],

    "unist-util-is": ["unist-util-is@6.0.1", "", { "dependencies": { "@types/unist": "^3.0.0" } }, ""],

    "unist-util-position": ["unist-util-position@5.0.0", "", { "dependencies": { "@types/unist": "^3.0.0" } }, ""],

    "unist-util-stringify-position": ["unist-util-stringify-position@4.0.0", "", { "dependencies": { "@types/unist": "^3.0.0" } }, ""],

    "unist-util-visit": ["unist-util-visit@5.1.0", "", { "dependencies": { "@types/unist": "^3.0.0", "unist-util-is": "^6.0.0", "unist-util-visit-parents": "^6.0.0" } }, ""],

    "unist-util-visit-parents": ["unist-util-visit-parents@6.0.2", "", { "dependencies": { "@types/unist": "^3.0.0", "unist-util-is": "^6.0.0" } }, ""],

    "unstorage": ["unstorage@1.17.5", "", { "dependencies": { "anymatch": "^3.1.3", "chokidar": "^5.0.0", "destr": "^2.0.5", "h3": "^1.15.10", "lru-cache": "^11.2.7", "node-fetch-native": "^1.6.7", "ofetch": "^1.5.1", "ufo": "^1.6.3" }, "peerDependencies": { "@azure/app-configuration": "^1.8.0", "@azure/cosmos": "^4.2.0", "@azure/data-tables": "^13.3.0", "@azure/identity": "^4.6.0", "@azure/keyvault-secrets": "^4.9.0", "@azure/storage-blob": "^12.26.0", "@capacitor/preferences": "^6 || ^7 || ^8", "@deno/kv": ">=0.9.0", "@netlify/blobs": "^6.5.0 || ^7.0.0 || ^8.1.0 || ^9.0.0 || ^10.0.0", "@planetscale/database": "^1.19.0", "@upstash/redis": "^1.34.3", "@vercel/blob": ">=0.27.1", "@vercel/functions": "^2.2.12 || ^3.0.0", "@vercel/kv": "^1 || ^2 || ^3", "aws4fetch": "^1.0.20", "db0": ">=0.2.1", "idb-keyval": "^6.2.1", "ioredis": "^5.4.2", "uploadthing": "^7.4.4" }, "optionalPeers": ["@azure/app-configuration", "@azure/cosmos", "@azure/data-tables", "@azure/identity", "@azure/keyvault-secrets", "@azure/storage-blob", "@capacitor/preferences", "@deno/kv", "@netlify/blobs", "@planetscale/database", "@upstash/redis", "@vercel/blob", "@vercel/functions", "@vercel/kv", "aws4fetch", "db0", "idb-keyval", "ioredis", "uploadthing"] }, ""],

    "vfile": ["vfile@6.0.3", "", { "dependencies": { "@types/unist": "^3.0.0", "vfile-message": "^4.0.0" } }, ""],

    "vfile-message": ["vfile-message@4.0.3", "", { "dependencies": { "@types/unist": "^3.0.0", "unist-util-stringify-position": "^4.0.0" } }, ""],

    "vite": ["vite@8.2.2", "", { "dependencies": { "lightningcss": "^1.33.0", "picomatch": "^4.0.5", "postcss": "^8.5.26", "rolldown": "~1.2.4", "tinyglobby": "^0.2.17" }, "optionalDependencies": { "fsevents": "~2.3.3" }, "peerDependencies": { "@types/node": "^20.19.0 || >=22.12.0", "@vitejs/devtools": "^0.4.0 || ^0.5.0", "esbuild": "^0.27.0 || ^0.28.0", "jiti": ">=1.21.0", "less": "^4.0.0", "sass": "^1.70.0", "sass-embedded": "^1.70.0", "stylus": ">=0.54.8", "sugarss": "^5.0.0", "terser": "^5.16.0", "tsx": "^4.8.1", "yaml": "^2.4.2" }, "optionalPeers": ["@types/node", "@vitejs/devtools", "esbuild", "jiti", "less", "sass", "sass-embedded", "stylus", "sugarss", "terser", "tsx", "yaml"], "bin": "bin/vite.js" }, ""],

    "vitefu": ["vitefu@1.1.3", "", { "peerDependencies": { "vite": "^3.0.0 || ^4.0.0 || ^5.0.0 || ^6.0.0 || ^7.0.0 || ^8.0.0" }, "optionalPeers": ["vite"] }, ""],

    "xxhash-wasm": ["xxhash-wasm@1.1.0", "", {}, ""],

    "yargs-parser": ["yargs-parser@22.0.0", "", {}, ""],

    "yocto-queue": ["yocto-queue@1.2.2", "", {}, ""],

    "zod": ["zod@4.5.4", "", {}, "sha512-sC95tT5iHHH9gtpj6A81kh+NEaRAUFN+qlUPDUbRfOMvNf5QCBqsb3WgvnpVtK5Y+4UfA6KqufotuTvMGiTlsA=="],

    "zwitch": ["zwitch@2.0.4", "", {}, ""],

    "@tailwindcss/node/magic-string": ["magic-string@0.30.21", "", { "dependencies": { "@jridgewell/sourcemap-codec": "^1.5.5" } }, ""],

    "@types/sax/@types/node": ["@types/node@26.4.1", "", { "dependencies": { "undici-types": "~8.3.0" } }, ""],

    "anymatch/picomatch": ["picomatch@2.3.2", "", {}, ""],

    "csso/css-tree": ["css-tree@2.2.1", "", { "dependencies": { "mdn-data": "2.0.28", "source-map-js": "^1.0.1" } }, ""],

    "vite/lightningcss": ["lightningcss@1.33.0", "", { "dependencies": { "detect-libc": "^2.0.3" }, "optionalDependencies": { "lightningcss-android-arm64": "1.33.0", "lightningcss-darwin-arm64": "1.33.0", "lightningcss-darwin-x64": "1.33.0", "lightningcss-freebsd-x64": "1.33.0", "lightningcss-linux-arm-gnueabihf": "1.33.0", "lightningcss-linux-arm64-gnu": "1.33.0", "lightningcss-linux-arm64-musl": "1.33.0", "lightningcss-linux-x64-gnu": "1.33.0", "lightningcss-linux-x64-musl": "1.33.0", "lightningcss-win32-arm64-msvc": "1.33.0", "lightningcss-win32-x64-msvc": "1.33.0" } }, ""],

    "@types/sax/@types/node/undici-types": ["undici-types@8.3.0", "", {}, ""],

    "csso/css-tree/mdn-data": ["mdn-data@2.0.28", "", {}, ""],

    "vite/lightningcss/lightningcss-linux-x64-gnu": ["lightningcss-linux-x64-gnu@1.33.0", "", { "os": "linux", "cpu": "x64" }, ""],

    "vite/lightningcss/lightningcss-linux-x64-musl": ["lightningcss-linux-x64-musl@1.33.0", "", { "os": "linux", "cpu": "x64" }, ""],
  }
}
